# This file was autogenerated by Stack.
# You should not edit this file by hand.
# For more information, please see the documentation at:
#   https://docs.haskellstack.org/en/stable/lock_files

packages:
- completed:
    hackage: sdl2-mixer-1.1.0@sha256:c809aecd91ebf9c759af66eebaa4f45f766f2603c13a73412abfd0bd1e02071a,3067
    pantry-tree:
      size: 686
      sha256: 8714da5931e9420398b2845632a6977b1f5760ad01103769e5daa3708c529086
  original:
    hackage: sdl2-mixer-1.1.0
- completed:
    hackage: sdl2-ttf-2.0.2@sha256:686d194d4b47c994a0049f34a6296ef08abbb7f570bf37b863eaa7b016fd0c02,1722
    pantry-tree:
      size: 447
      sha256: d6ce0d674db4a720f3564aa60248fe6c69842943ac783cfe2d986ff8b777cfd9
  original:
    hackage: sdl2-ttf-2.0.2
- completed:
    hackage: animate-0.6.0@sha256:0d4283efe16fabfe7c38adec854c7c2c91d037f6a4c28027e124c547c8e74286,1567
    pantry-tree:
      size: 482
      sha256: a1a2199a083ac5975bd3df7cb4bd6ea24e820c440617a9f132949c010b4c433c
  original:
    hackage: animate-0.6.0
- completed:
    hackage: key-state-0.1.0@sha256:a875a92ceba13ef61f1ab9fcd600c1a17b050605d5cf2416abdae5feff34dab1,1207
    pantry-tree:
      size: 476
      sha256: e78f88b47e3efc0b9e7769669f2c20d804c62fe80b061f5896872ea45dad7719
  original:
    hackage: key-state-0.1.0
snapshots:
- completed:
    size: 536352
    url: https://raw.githubusercontent.com/commercialhaskell/stackage-snapshots/master/lts/9/14.yaml
    sha256: 9e880f85f76b7f35a2b6edd1af333ce7f7845d47e897c3509ddd18eaa2763779
  original: lts-9.14
