# This file was autogenerated by Stack.
# You should not edit this file by hand.
# For more information, please see the documentation at:
#   https://docs.haskellstack.org/en/stable/lock_files

packages:
- completed:
    hackage: animate-0.7.0@sha256:5794ef071baed7ab3e9d4b5a9ada8490131d986c7c5e41643520ae6424bcf13c,1712
    pantry-tree:
      size: 485
      sha256: e7548b2814033dc029b2132c8f503cc46331cab486ed6bb7a3e9232188059c59
  original:
    hackage: animate-0.7.0@sha256:5794ef071baed7ab3e9d4b5a9ada8490131d986c7c5e41643520ae6424bcf13c,1712
- completed:
    hackage: key-state-0.2.0@sha256:db4c798d81323183660753d0ca4a5b9e71206aa901abe5c6169022b48408cce9,1345
    pantry-tree:
      size: 476
      sha256: 268aaff44dd811cfcd6a19d3d411c78f58508b4ece545570efad0ce136e13b43
  original:
    hackage: key-state-0.2.0@sha256:db4c798d81323183660753d0ca4a5b9e71206aa901abe5c6169022b48408cce9,1345
snapshots:
- completed:
    size: 524163
    url: https://raw.githubusercontent.com/commercialhaskell/stackage-snapshots/master/lts/14/25.yaml
    sha256: 97548b4e927a8a862d4a203687ca18a3f5d2ae75b4b72c946fb29c17df1a5082
  original: lts-14.25
